{
    "default": {
        "aiopg": {
            "hash": "sha256:439d135f1fb2fc12ec85f676cf2d3a2899379616d9c3b5ec6b442b14efd1340e",
            "version": "==0.13.0"
        },
        "peewee-async": {
            "hash": "sha256:e5a93a64a06a2171f679a76b4ca047b6be2073351134f88b225f69abab2f24e1",
            "version": "==0.5.6"
        },
        "yarl": {
            "hash": "sha256:a7818b0654265623525b56e78b901315a9ffb7ef0bf21b4af7e0e27572d54dec",
            "version": "==0.9.8"
        },
        "multidict": {
            "hash": "sha256:a77aa8c9f68846c3b5db43ff8ed2a7a884dbe845d01f55113a3fba78518c4cd7",
            "version": "==2.1.4"
        },
        "peewee": {
            "hash": "sha256:198f4b0c1e71b0ee7f3f87cb96104796a5a4cc0a52a9cd832611394f5cfdee37",
            "version": "==2.8.5"
        },
        "aiohttp": {
            "hash": "sha256:fb32c587e01cff2ae591e99e5e47a43e374a7ff4f191ee6a9e308561e9a625bc",
            "version": "==1.3.2"
        },
        "psycopg2": {
            "hash": "sha256:70490e12ed9c5c818ecd85d185d363335cc8a8cbf7212e3c185431c79ff8c05c",
            "version": "==2.6.2"
        },
        "async-timeout": {
            "hash": "sha256:d848623229614d2a239375f003c65a0ecf3bcfed3a2fdba6ce83b31a8038c2a0",
            "version": "==1.1.0"
        },
        "chardet": {
            "hash": "sha256:aaf514bde38020b4f1e42c6a6e141f2827a8a58ccfc3b22b6ff5a1a4b50be56e",
            "version": "==2.3.0"
        }
    },
    "_meta": {
        "hash": {
            "sha256": "fc5ac176800ef67dd7b80c9b20a7c65aa942b93ffb2707c58bb19bdf5599cbd7"
        },
        "requires": {},
        "sources": [
            {
                "url": "https://pypi.python.org/simple",
                "verify_ssl": true
            }
        ]
    },
    "develop": {
        "ptyprocess": {
            "hash": "sha256:464cb76f7a7122743dd25507650db89cd447c51f38e4671602b3eaa2e38e05ae",
            "version": "==0.5.1"
        },
        "ipython-genutils": {
            "hash": "sha256:6218e9abd612fb5acfb175ea7c7b026006de4df9691d9a73c9b390cfa1a41c2b",
            "version": "==0.1.0"
        },
        "prompt-toolkit": {
            "hash": "sha256:7deb7d6efb3e59cdfa28afe6deb50243ac881a2c40da92cc3d29f69284da5796",
            "version": "==1.0.13"
        },
        "appdirs": {
            "hash": "sha256:85e58578db8f29538f3109c11250c2a5514a2fcdc9890d9b2fe777eb55517736",
            "version": "==1.4.0"
        },
        "ipython": {
            "hash": "sha256:56c1ffe6a8b6825ba38258acb432be46f6d5b66152255f1c9c7f7981484ccef2",
            "version": "==5.2.2"
        },
        "pickleshare": {
            "hash": "sha256:c9a2541f25aeabc070f12f452e1f2a8eae2abd51e1cd19e8430402bdf4c1d8b5",
            "version": "==0.7.4"
        },
        "decorator": {
            "hash": "sha256:73cbaadb8bc4e3c65fe1100773d56331a2d756cc0f5c7b9d8d5d5223fe04f600",
            "version": "==4.0.11"
        },
        "pexpect": {
            "hash": "sha256:f853b52afaf3b064d29854771e2db509ef80392509bde2dd7a6ecf2dfc3f0018",
            "version": "==4.2.1"
        },
        "six": {
            "hash": "sha256:0ff78c403d9bccf5a425a6d31a12aa6b47f1c21ca4dc2573a7e2f32a97335eb1",
            "version": "==1.10.0"
        },
        "packaging": {
            "hash": "sha256:99276dc6e3a7851f32027a68f1095cd3f77c148091b092ea867a351811cfe388",
            "version": "==16.8"
        },
        "wcwidth": {
            "hash": "sha256:f4ebe71925af7b40a864553f761ed559b43544f8f71746c2d756c7fe788ade7c",
            "version": "==0.1.7"
        },
        "setuptools": {
            "hash": "sha256:75d352eeeddd96a3fb702b1da9f8b89e5f8c045dbd86e3894516733eb5f99713",
            "version": "==34.2.0"
        },
        "pygments": {
            "hash": "sha256:78f3f434bcc5d6ee09020f92ba487f95ba50f1e3ef83ae96b9d5ffa1bab25c5d",
            "version": "==2.2.0"
        },
        "simplegeneric": {
            "hash": "sha256:dc972e06094b9af5b855b3df4a646395e43d1c9d0d39ed345b7393560d0b9173",
            "version": "==0.8.1"
        },
        "traitlets": {
            "hash": "sha256:50522e46dd7b66c80686d50ff1b774000f1d2a80c84b2bcfbd657d588e99a368",
            "version": "==4.3.1"
        },
        "pyparsing": {
            "hash": "sha256:67101d7acee692962f33dd30b5dce079ff532dd9aa99ff48d52a3dad51d2fe84",
            "version": "==2.1.10"
        }
    }
}